
Microsoft Visual Studio Solution File, Format Version 12.00
# Visual Studio 15
VisualStudioVersion = 15.0.28010.2036
MinimumVisualStudioVersion = 10.0.40219.1
Project("{FAE04EC0-301F-11D3-BF4B-00C04F79EFBC}") = "Trainer", "Trainer\Trainer.csproj", "{0E69B379-9FA3-48C5-8D4A-8EA228277EEB}"
EndProject
Project("{FAE04EC0-301F-11D3-BF4B-00C04F79EFBC}") = "MLWeb", "MLWeb\MLWeb.csproj", "{57BD16B0-4AA8-4FBF-99E8-01358A7EACD0}"
EndProject
Global
	GlobalSection(SolutionConfigurationPlatforms) = preSolution
		Debug|Any CPU = Debug|Any CPU
		Release|Any CPU = Release|Any CPU
	EndGlobalSection
	GlobalSection(ProjectConfigurationPlatforms) = postSolution
		{0E69B379-9FA3-48C5-8D4A-8EA228277EEB}.Debug|Any CPU.ActiveCfg = Debug|Any CPU
		{0E69B379-9FA3-48C5-8D4A-8EA228277EEB}.Debug|Any CPU.Build.0 = Debug|Any CPU
		{0E69B379-9FA3-48C5-8D4A-8EA228277EEB}.Release|Any CPU.ActiveCfg = Release|Any CPU
		{0E69B379-9FA3-48C5-8D4A-8EA228277EEB}.Release|Any CPU.Build.0 = Release|Any CPU
		{57BD16B0-4AA8-4FBF-99E8-01358A7EACD0}.Debug|Any CPU.ActiveCfg = Debug|Any CPU
		{57BD16B0-4AA8-4FBF-99E8-01358A7EACD0}.Debug|Any CPU.Build.0 = Debug|Any CPU
		{57BD16B0-4AA8-4FBF-99E8-01358A7EACD0}.Release|Any CPU.ActiveCfg = Release|Any CPU
		{57BD16B0-4AA8-4FBF-99E8-01358A7EACD0}.Release|Any CPU.Build.0 = Release|Any CPU
	EndGlobalSection
	GlobalSection(SolutionProperties) = preSolution
		HideSolutionNode = FALSE
	EndGlobalSection
	GlobalSection(ExtensibilityGlobals) = postSolution
		SolutionGuid = {52FEA792-034A-468E-BD7A-426F9A28FBD0}
	EndGlobalSection
EndGlobal
